# THIS IS AN AUTOGENERATED FILE. DO NOT EDIT THIS FILE DIRECTLY.
# yarn lockfile v1


animator@0.2.x:
  version "0.2.2"
  resolved "https://registry.yarnpkg.com/animator/-/animator-0.2.2.tgz#7a852bdedbe20304e44fb00de6687ecd19a4e161"
  integrity sha512-VLoIsjWd7Epmxb+tumDDbjZ7GFgB9XXWMP9TKSU2Rpl6uwI36NBBRLRb5LLye3zA31z1QzznXN5eFvFh/WCurA==

crel@1.0.x:
  version "1.0.0"
  resolved "https://registry.yarnpkg.com/crel/-/crel-1.0.0.tgz#7e50fd615e3ff59fbc671fe8880b0f068e4a3028"
  integrity sha512-FS0vLSI2k2kpzKtEOeu91jeB19TseMil71TfvW5NDOKfatPmK+WN9l0UWD6DIkr/XUsSit/qM/LjZsGgi8OauQ==

marquee@^0.2.1:
  version "0.2.1"
  resolved "https://registry.yarnpkg.com/marquee/-/marquee-0.2.1.tgz#0a67c46de298ef7aeb7b7b36105f34d1d11295ab"
  integrity sha512-45Ob5YGBZ8IOFU1Xvzt/mtE/ChUyr/ASY/QCynMJukK7CGezgqUn004v+Ja1wSHhilour2wOp+95BvfTBxCtIw==
  dependencies:
    animator "0.2.x"
    crel "1.0.x"
    stylar "0.2.x"

stylar@0.2.x:
  version "0.2.2"
  resolved "https://registry.yarnpkg.com/stylar/-/stylar-0.2.2.tgz#70ee3aa9750a97568f1e4ebbcc3b691fd6f39340"
  integrity sha512-aKJL9gp0nFYu4s+AdSyKUMhZ2AprIWh0nHIq5whVwaGkjrxQtWaF0unvgYzbnpiBiLQz97ATgMxtNYPDYXI5Gg==
